
Microsoft Visual Studio Solution File, Format Version 12.00
# Visual Studio Version 17
VisualStudioVersion = 17.7.34003.232
MinimumVisualStudioVersion = 10.0.40219.1
Project("{FAE04EC0-301F-11D3-BF4B-00C04F79EFBC}") = "BarberShopAPI", "BarberShopAPI\BarberShopAPI.csproj", "{420A5F09-C20B-4621-81BD-ED881BCAF512}"
EndProject
Global
	GlobalSection(SolutionConfigurationPlatforms) = preSolution
		Debug|Any CPU = Debug|Any CPU
		Release|Any CPU = Release|Any CPU
	EndGlobalSection
	GlobalSection(ProjectConfigurationPlatforms) = postSolution
		{420A5F09-C20B-4621-81BD-ED881BCAF512}.Debug|Any CPU.ActiveCfg = Debug|Any CPU
		{420A5F09-C20B-4621-81BD-ED881BCAF512}.Debug|Any CPU.Build.0 = Debug|Any CPU
		{420A5F09-C20B-4621-81BD-ED881BCAF512}.Release|Any CPU.ActiveCfg = Release|Any CPU
		{420A5F09-C20B-4621-81BD-ED881BCAF512}.Release|Any CPU.Build.0 = Release|Any CPU
	EndGlobalSection
	GlobalSection(SolutionProperties) = preSolution
		HideSolutionNode = FALSE
	EndGlobalSection
	GlobalSection(ExtensibilityGlobals) = postSolution
		SolutionGuid = {D0AF96FF-2C45-43C9-9536-7EAC3B000367}
	EndGlobalSection
EndGlobal
